# THIS IS AN AUTOGENERATED FILE. DO NOT EDIT THIS FILE DIRECTLY.
# yarn lockfile v1


acorn-walk@^8.2.0:
  version "8.3.4"
  resolved "https://registry.yarnpkg.com/acorn-walk/-/acorn-walk-8.3.4.tgz#794dd169c3977edf4ba4ea47583587c5866236b7"
  integrity sha512-ueEepnujpqee2o5aIYnvHU6C0A42MNdsIDeqy5BydrkuC5R1ZuUFnm27EeFJGoEHJQgn3uleRvmTXaJgfXbt4g==
  dependencies:
    acorn "^8.11.0"

acorn@^8.11.0, acorn@^8.7.0:
  version "8.14.0"
  resolved "https://registry.yarnpkg.com/acorn/-/acorn-8.14.0.tgz#063e2c70cac5fb4f6467f0b11152e04c682795b0"
  integrity sha512-cl669nCJTZBsL97OF4kUQm5g5hC2uihk0NxY3WENAC0TYdILVkAyHymAntgxGkl7K+t0cXIrH5siy5S4XkFycA==

ini@^2.0.0:
  version "2.0.0"
  resolved "https://registry.yarnpkg.com/ini/-/ini-2.0.0.tgz#e5fd556ecdd5726be978fa1001862eacb0a94bc5"
  integrity sha512-7PnF4oN3CvZF23ADhA5wRaYEQpJ8qygSkbtTXWBeXWXmEVRXK+1ITciHWwHhsjv1TmW0MgacIv6hEi5pX5NQdA==

node-watch@^0.7.3:
  version "0.7.4"
  resolved "https://registry.yarnpkg.com/node-watch/-/node-watch-0.7.4.tgz#34557106948cd4b8ddff9aa3d284774004548824"
  integrity sha512-RinNxoz4W1cep1b928fuFhvAQ5ag/+1UlMDV7rbyGthBIgsiEouS4kvRayvvboxii4m8eolKOIBo3OjDqbc+uQ==

nodejs-websocket@^1.7.2:
  version "1.7.2"
  resolved "https://registry.yarnpkg.com/nodejs-websocket/-/nodejs-websocket-1.7.2.tgz#94abd1e248f57d4d1c663dec3831015c6dad98a6"
  integrity sha512-PFX6ypJcCNDs7obRellR0DGTebfUhw1SXGKe2zpB+Ng1DQJhdzbzx1ob+AvJCLzy2TJF4r8cCDqMQqei1CZdPQ==

vm2@^3.9.9:
  version "3.9.19"
  resolved "https://registry.yarnpkg.com/vm2/-/vm2-3.9.19.tgz#be1e1d7a106122c6c492b4d51c2e8b93d3ed6a4a"
  integrity sha512-J637XF0DHDMV57R6JyVsTak7nIL8gy5KH4r1HiwWLf/4GBbb5MKL5y7LpmF4A8E2nR6XmzpmMFQ7V7ppPTmUQg==
  dependencies:
    acorn "^8.7.0"
    acorn-walk "^8.2.0"
